
Microsoft Visual Studio Solution File, Format Version 12.00
# Visual Studio Version 17
VisualStudioVersion = 17.10.34804.81
MinimumVisualStudioVersion = 10.0.40219.1
Project("{9A19103F-16F7-4668-BE54-9A1E7A4F7556}") = "NKKDotNetCore.ConsoleApp", "NKKDotNetCore.ConsoleApp\NKKDotNetCore.ConsoleApp.csproj", "{A6CAD78B-4552-491C-80BF-9BC0A7FEA8FF}"
EndProject
Project("{2150E333-8FDC-42A3-9474-1A3956D46DE8}") = "Document", "Document", "{5F15700A-7E98-4F30-B7F1-61865C62BA4D}"
	ProjectSection(SolutionItems) = preProject
		DotNetCoreTrainingBatch4.sql = DotNetCoreTrainingBatch4.sql
		README.md = README.md
	EndProjectSection
EndProject
Project("{9A19103F-16F7-4668-BE54-9A1E7A4F7556}") = "NKKDotNetCore.RestApi", "NKKDotNetCore.RestApi\NKKDotNetCore.RestApi.csproj", "{DEFBB6BD-60E8-41B6-9873-6C757017D056}"
EndProject
Project("{9A19103F-16F7-4668-BE54-9A1E7A4F7556}") = "NKKDotNetCore.Shared", "NKKDotNetCore.Shared\NKKDotNetCore.Shared.csproj", "{B183B387-DF4A-481D-AAB0-7E13A8531ED8}"
EndProject
Project("{9A19103F-16F7-4668-BE54-9A1E7A4F7556}") = "NKKDotNetCore.RestApiWithNLayer", "NKKDotNetCore.RestApiWithNLayer\NKKDotNetCore.RestApiWithNLayer.csproj", "{E1502574-D65B-45BA-AD36-A729F03DD293}"
EndProject
Project("{9A19103F-16F7-4668-BE54-9A1E7A4F7556}") = "NKKDotNetCore.ConsoleAppHttpClient", "NKKDotNetCore.ConsoleAppHttpClient\NKKDotNetCore.ConsoleAppHttpClient.csproj", "{F05A430E-13F4-4CBB-983F-98EFBD6C7586}"
EndProject
Project("{9A19103F-16F7-4668-BE54-9A1E7A4F7556}") = "NKKDotNetCore.ConsoleAppRestClient", "NKKDotNetCore.ConsoleAppRestClient\NKKDotNetCore.ConsoleAppRestClient.csproj", "{A7631BAD-22A9-47C7-A79F-38C55799E706}"
EndProject
Project("{FAE04EC0-301F-11D3-BF4B-00C04F79EFBC}") = "NKKDotNetCore.PizzaApi", "NKKDotNetCore.PizzaApi\NKKDotNetCore.PizzaApi.csproj", "{14F52B90-088D-4EA2-B1BE-F0EC5801B33C}"
EndProject
Project("{FAE04EC0-301F-11D3-BF4B-00C04F79EFBC}") = "NKKDotNetCore.ConsoleAppRefitExample", "NKKDotNetCore.ConsoleAppRefitExample\NKKDotNetCore.ConsoleAppRefitExample.csproj", "{62514458-F051-4DE1-81F8-A96FB14A9023}"
EndProject
Global
	GlobalSection(SolutionConfigurationPlatforms) = preSolution
		Debug|Any CPU = Debug|Any CPU
		Release|Any CPU = Release|Any CPU
	EndGlobalSection
	GlobalSection(ProjectConfigurationPlatforms) = postSolution
		{A6CAD78B-4552-491C-80BF-9BC0A7FEA8FF}.Debug|Any CPU.ActiveCfg = Debug|Any CPU
		{A6CAD78B-4552-491C-80BF-9BC0A7FEA8FF}.Debug|Any CPU.Build.0 = Debug|Any CPU
		{A6CAD78B-4552-491C-80BF-9BC0A7FEA8FF}.Release|Any CPU.ActiveCfg = Release|Any CPU
		{A6CAD78B-4552-491C-80BF-9BC0A7FEA8FF}.Release|Any CPU.Build.0 = Release|Any CPU
		{DEFBB6BD-60E8-41B6-9873-6C757017D056}.Debug|Any CPU.ActiveCfg = Debug|Any CPU
		{DEFBB6BD-60E8-41B6-9873-6C757017D056}.Debug|Any CPU.Build.0 = Debug|Any CPU
		{DEFBB6BD-60E8-41B6-9873-6C757017D056}.Release|Any CPU.ActiveCfg = Release|Any CPU
		{DEFBB6BD-60E8-41B6-9873-6C757017D056}.Release|Any CPU.Build.0 = Release|Any CPU
		{B183B387-DF4A-481D-AAB0-7E13A8531ED8}.Debug|Any CPU.ActiveCfg = Debug|Any CPU
		{B183B387-DF4A-481D-AAB0-7E13A8531ED8}.Debug|Any CPU.Build.0 = Debug|Any CPU
		{B183B387-DF4A-481D-AAB0-7E13A8531ED8}.Release|Any CPU.ActiveCfg = Release|Any CPU
		{B183B387-DF4A-481D-AAB0-7E13A8531ED8}.Release|Any CPU.Build.0 = Release|Any CPU
		{E1502574-D65B-45BA-AD36-A729F03DD293}.Debug|Any CPU.ActiveCfg = Debug|Any CPU
		{E1502574-D65B-45BA-AD36-A729F03DD293}.Debug|Any CPU.Build.0 = Debug|Any CPU
		{E1502574-D65B-45BA-AD36-A729F03DD293}.Release|Any CPU.ActiveCfg = Release|Any CPU
		{E1502574-D65B-45BA-AD36-A729F03DD293}.Release|Any CPU.Build.0 = Release|Any CPU
		{F05A430E-13F4-4CBB-983F-98EFBD6C7586}.Debug|Any CPU.ActiveCfg = Debug|Any CPU
		{F05A430E-13F4-4CBB-983F-98EFBD6C7586}.Debug|Any CPU.Build.0 = Debug|Any CPU
		{F05A430E-13F4-4CBB-983F-98EFBD6C7586}.Release|Any CPU.ActiveCfg = Release|Any CPU
		{F05A430E-13F4-4CBB-983F-98EFBD6C7586}.Release|Any CPU.Build.0 = Release|Any CPU
		{A7631BAD-22A9-47C7-A79F-38C55799E706}.Debug|Any CPU.ActiveCfg = Debug|Any CPU
		{A7631BAD-22A9-47C7-A79F-38C55799E706}.Debug|Any CPU.Build.0 = Debug|Any CPU
		{A7631BAD-22A9-47C7-A79F-38C55799E706}.Release|Any CPU.ActiveCfg = Release|Any CPU
		{A7631BAD-22A9-47C7-A79F-38C55799E706}.Release|Any CPU.Build.0 = Release|Any CPU
		{14F52B90-088D-4EA2-B1BE-F0EC5801B33C}.Debug|Any CPU.ActiveCfg = Debug|Any CPU
		{14F52B90-088D-4EA2-B1BE-F0EC5801B33C}.Debug|Any CPU.Build.0 = Debug|Any CPU
		{14F52B90-088D-4EA2-B1BE-F0EC5801B33C}.Release|Any CPU.ActiveCfg = Release|Any CPU
		{14F52B90-088D-4EA2-B1BE-F0EC5801B33C}.Release|Any CPU.Build.0 = Release|Any CPU
		{62514458-F051-4DE1-81F8-A96FB14A9023}.Debug|Any CPU.ActiveCfg = Debug|Any CPU
		{62514458-F051-4DE1-81F8-A96FB14A9023}.Debug|Any CPU.Build.0 = Debug|Any CPU
		{62514458-F051-4DE1-81F8-A96FB14A9023}.Release|Any CPU.ActiveCfg = Release|Any CPU
		{62514458-F051-4DE1-81F8-A96FB14A9023}.Release|Any CPU.Build.0 = Release|Any CPU
	EndGlobalSection
	GlobalSection(SolutionProperties) = preSolution
		HideSolutionNode = FALSE
	EndGlobalSection
	GlobalSection(ExtensibilityGlobals) = postSolution
		SolutionGuid = {4FCC9023-96F2-4B02-BDA0-5AD610993919}
	EndGlobalSection
EndGlobal
