
Microsoft Visual Studio Solution File, Format Version 12.00
# Visual Studio Version 17
VisualStudioVersion = 17.10.34804.81
MinimumVisualStudioVersion = 10.0.40219.1
Project("{FAE04EC0-301F-11D3-BF4B-00C04F79EFBC}") = "NKKDotNetCore.ConsoleApp", "NKKDotNetCore.ConsoleApp\NKKDotNetCore.ConsoleApp.csproj", "{A6CAD78B-4552-491C-80BF-9BC0A7FEA8FF}"
EndProject
Global
	GlobalSection(SolutionConfigurationPlatforms) = preSolution
		Debug|Any CPU = Debug|Any CPU
		Release|Any CPU = Release|Any CPU
	EndGlobalSection
	GlobalSection(ProjectConfigurationPlatforms) = postSolution
		{A6CAD78B-4552-491C-80BF-9BC0A7FEA8FF}.Debug|Any CPU.ActiveCfg = Debug|Any CPU
		{A6CAD78B-4552-491C-80BF-9BC0A7FEA8FF}.Debug|Any CPU.Build.0 = Debug|Any CPU
		{A6CAD78B-4552-491C-80BF-9BC0A7FEA8FF}.Release|Any CPU.ActiveCfg = Release|Any CPU
		{A6CAD78B-4552-491C-80BF-9BC0A7FEA8FF}.Release|Any CPU.Build.0 = Release|Any CPU
	EndGlobalSection
	GlobalSection(SolutionProperties) = preSolution
		HideSolutionNode = FALSE
	EndGlobalSection
	GlobalSection(ExtensibilityGlobals) = postSolution
		SolutionGuid = {4FCC9023-96F2-4B02-BDA0-5AD610993919}
	EndGlobalSection
EndGlobal
